
Microsoft Visual Studio Solution File, Format Version 12.00
# Visual Studio Version 17
VisualStudioVersion = 17.14.36623.8 d17.14
MinimumVisualStudioVersion = 10.0.40219.1
Project("{FAE04EC0-301F-11D3-BF4B-00C04F79EFBC}") = "GoogleOAuth", "GoogleOAuth\GoogleOAuth.csproj", "{C26440B5-0C8F-47BF-A7F3-3A373946B935}"
EndProject
Global
	GlobalSection(SolutionConfigurationPlatforms) = preSolution
		Debug|Any CPU = Debug|Any CPU
		Release|Any CPU = Release|Any CPU
	EndGlobalSection
	GlobalSection(ProjectConfigurationPlatforms) = postSolution
		{C26440B5-0C8F-47BF-A7F3-3A373946B935}.Debug|Any CPU.ActiveCfg = Debug|Any CPU
		{C26440B5-0C8F-47BF-A7F3-3A373946B935}.Debug|Any CPU.Build.0 = Debug|Any CPU
		{C26440B5-0C8F-47BF-A7F3-3A373946B935}.Release|Any CPU.ActiveCfg = Release|Any CPU
		{C26440B5-0C8F-47BF-A7F3-3A373946B935}.Release|Any CPU.Build.0 = Release|Any CPU
	EndGlobalSection
	GlobalSection(SolutionProperties) = preSolution
		HideSolutionNode = FALSE
	EndGlobalSection
	GlobalSection(ExtensibilityGlobals) = postSolution
		SolutionGuid = {FA88B943-B390-43AC-BB7D-D2D75DD85978}
	EndGlobalSection
EndGlobal
